
Microsoft Visual Studio Solution File, Format Version 12.00
# Visual Studio Version 16
VisualStudioVersion = 16.0.28803.352
MinimumVisualStudioVersion = 10.0.40219.1
Project("{9A19103F-16F7-4668-BE54-9A1E7A4F7556}") = "NHCM.WebUI", "NHCM.WebUI\NHCM.WebUI.csproj", "{0B2ABBA1-AA40-49C4-BA4A-DE5AC6E3200E}"
EndProject
Project("{9A19103F-16F7-4668-BE54-9A1E7A4F7556}") = "NHCM.Application", "NHCM.Application\NHCM.Application.csproj", "{54175261-7389-4CF9-86E0-4847100B96C3}"
EndProject
Project("{9A19103F-16F7-4668-BE54-9A1E7A4F7556}") = "NHCM.Domain", "NHCM.Domain\NHCM.Domain.csproj", "{A0129D75-8F27-4800-BF25-6556F537EFB3}"
EndProject
Project("{9A19103F-16F7-4668-BE54-9A1E7A4F7556}") = "NHCM.Infrastructure", "NHCM.Infrastructure\NHCM.Infrastructure.csproj", "{FE21E60A-0C93-4171-B8F9-8ADE4EB3D972}"
EndProject
Project("{9A19103F-16F7-4668-BE54-9A1E7A4F7556}") = "NHCM.Persistence", "NHCM.Persistence\NHCM.Persistence.csproj", "{689A80A0-249A-4EA0-ADFC-4341DA389594}"
EndProject
Project("{9A19103F-16F7-4668-BE54-9A1E7A4F7556}") = "NHCM.Common", "NHCM.Common\NHCM.Common.csproj", "{32C8D46A-3943-4764-B550-8DD223EA5DE7}"
EndProject
Project("{2150E333-8FDC-42A3-9474-1A3956D46DE8}") = "Core", "Core", "{DB55BA91-1E19-4943-BCFA-62723743853E}"
EndProject
Project("{2150E333-8FDC-42A3-9474-1A3956D46DE8}") = "Presentation", "Presentation", "{C65BF3A6-6620-4938-9488-C0EA83B0EECF}"
EndProject
Project("{2150E333-8FDC-42A3-9474-1A3956D46DE8}") = "Infrastructure", "Infrastructure", "{BD2ABBCD-C30C-4CE2-AC66-3C7B76CB8893}"
EndProject
Project("{2150E333-8FDC-42A3-9474-1A3956D46DE8}") = "Common", "Common", "{7D6C511E-DD02-4BD8-8EB7-0AE2D6C308D5}"
EndProject
Global
	GlobalSection(SolutionConfigurationPlatforms) = preSolution
		Debug|Any CPU = Debug|Any CPU
		Release|Any CPU = Release|Any CPU
	EndGlobalSection
	GlobalSection(ProjectConfigurationPlatforms) = postSolution
		{0B2ABBA1-AA40-49C4-BA4A-DE5AC6E3200E}.Debug|Any CPU.ActiveCfg = Debug|Any CPU
		{0B2ABBA1-AA40-49C4-BA4A-DE5AC6E3200E}.Debug|Any CPU.Build.0 = Debug|Any CPU
		{0B2ABBA1-AA40-49C4-BA4A-DE5AC6E3200E}.Release|Any CPU.ActiveCfg = Release|Any CPU
		{0B2ABBA1-AA40-49C4-BA4A-DE5AC6E3200E}.Release|Any CPU.Build.0 = Release|Any CPU
		{54175261-7389-4CF9-86E0-4847100B96C3}.Debug|Any CPU.ActiveCfg = Debug|Any CPU
		{54175261-7389-4CF9-86E0-4847100B96C3}.Debug|Any CPU.Build.0 = Debug|Any CPU
		{54175261-7389-4CF9-86E0-4847100B96C3}.Release|Any CPU.ActiveCfg = Release|Any CPU
		{54175261-7389-4CF9-86E0-4847100B96C3}.Release|Any CPU.Build.0 = Release|Any CPU
		{A0129D75-8F27-4800-BF25-6556F537EFB3}.Debug|Any CPU.ActiveCfg = Debug|Any CPU
		{A0129D75-8F27-4800-BF25-6556F537EFB3}.Debug|Any CPU.Build.0 = Debug|Any CPU
		{A0129D75-8F27-4800-BF25-6556F537EFB3}.Release|Any CPU.ActiveCfg = Release|Any CPU
		{A0129D75-8F27-4800-BF25-6556F537EFB3}.Release|Any CPU.Build.0 = Release|Any CPU
		{FE21E60A-0C93-4171-B8F9-8ADE4EB3D972}.Debug|Any CPU.ActiveCfg = Debug|Any CPU
		{FE21E60A-0C93-4171-B8F9-8ADE4EB3D972}.Debug|Any CPU.Build.0 = Debug|Any CPU
		{FE21E60A-0C93-4171-B8F9-8ADE4EB3D972}.Release|Any CPU.ActiveCfg = Release|Any CPU
		{FE21E60A-0C93-4171-B8F9-8ADE4EB3D972}.Release|Any CPU.Build.0 = Release|Any CPU
		{689A80A0-249A-4EA0-ADFC-4341DA389594}.Debug|Any CPU.ActiveCfg = Debug|Any CPU
		{689A80A0-249A-4EA0-ADFC-4341DA389594}.Debug|Any CPU.Build.0 = Debug|Any CPU
		{689A80A0-249A-4EA0-ADFC-4341DA389594}.Release|Any CPU.ActiveCfg = Release|Any CPU
		{689A80A0-249A-4EA0-ADFC-4341DA389594}.Release|Any CPU.Build.0 = Release|Any CPU
		{32C8D46A-3943-4764-B550-8DD223EA5DE7}.Debug|Any CPU.ActiveCfg = Debug|Any CPU
		{32C8D46A-3943-4764-B550-8DD223EA5DE7}.Debug|Any CPU.Build.0 = Debug|Any CPU
		{32C8D46A-3943-4764-B550-8DD223EA5DE7}.Release|Any CPU.ActiveCfg = Release|Any CPU
		{32C8D46A-3943-4764-B550-8DD223EA5DE7}.Release|Any CPU.Build.0 = Release|Any CPU
	EndGlobalSection
	GlobalSection(SolutionProperties) = preSolution
		HideSolutionNode = FALSE
	EndGlobalSection
	GlobalSection(NestedProjects) = preSolution
		{0B2ABBA1-AA40-49C4-BA4A-DE5AC6E3200E} = {C65BF3A6-6620-4938-9488-C0EA83B0EECF}
		{54175261-7389-4CF9-86E0-4847100B96C3} = {DB55BA91-1E19-4943-BCFA-62723743853E}
		{A0129D75-8F27-4800-BF25-6556F537EFB3} = {DB55BA91-1E19-4943-BCFA-62723743853E}
		{FE21E60A-0C93-4171-B8F9-8ADE4EB3D972} = {BD2ABBCD-C30C-4CE2-AC66-3C7B76CB8893}
		{689A80A0-249A-4EA0-ADFC-4341DA389594} = {BD2ABBCD-C30C-4CE2-AC66-3C7B76CB8893}
		{32C8D46A-3943-4764-B550-8DD223EA5DE7} = {7D6C511E-DD02-4BD8-8EB7-0AE2D6C308D5}
	EndGlobalSection
	GlobalSection(ExtensibilityGlobals) = postSolution
		SolutionGuid = {FFE09C86-28B7-4E4E-A9C2-1E7A7B0E1C2F}
	EndGlobalSection
EndGlobal
